// !$*UTF8*$!
{
	archiveVersion = 1;
	classes = {
	};
	objectVersion = 56;
	objects = {

/* Begin PBXBuildFile section */
		FA2FA68B2AF03B2D00A47ED7 /* DataView.swift in Sources */ = {isa = PBXBuildFile; fileRef = FA2FA68A2AF03B2D00A47ED7 /* DataView.swift */; };
		FA993C3E2B0FBFA800519D63 /* FileManager-DocumentsDirectory.swift in Sources */ = {isa = PBXBuildFile; fileRef = FA993C3D2B0FBFA800519D63 /* FileManager-DocumentsDirectory.swift */; };
		FAAF8F6F2B074087002518A6 /* DataModel.swift in Sources */ = {isa = PBXBuildFile; fileRef = FAAF8F6E2B074087002518A6 /* DataModel.swift */; };
		FAD486742AEE206E0026B99E /* SettingsView.swift in Sources */ = {isa = PBXBuildFile; fileRef = FAD486732AEE206E0026B99E /* SettingsView.swift */; };
		FAD486762AEE26B90026B99E /* ExamView.swift in Sources */ = {isa = PBXBuildFile; fileRef = FAD486752AEE26B90026B99E /* ExamView.swift */; };
		FAD7681F2AEF03F300BB353E /* ToDo.md in Resources */ = {isa = PBXBuildFile; fileRef = FAD7681E2AEF03F300BB353E /* ToDo.md */; };
		FAEDE20D2AE9D24700A51519 /* WordUpApp.swift in Sources */ = {isa = PBXBuildFile; fileRef = FAEDE20C2AE9D24700A51519 /* WordUpApp.swift */; };
		FAEDE20F2AE9D24700A51519 /* ContentView.swift in Sources */ = {isa = PBXBuildFile; fileRef = FAEDE20E2AE9D24700A51519 /* ContentView.swift */; };
		FAEDE2112AE9D24900A51519 /* Assets.xcassets in Resources */ = {isa = PBXBuildFile; fileRef = FAEDE2102AE9D24900A51519 /* Assets.xcassets */; };
		FAEDE2142AE9D24900A51519 /* Preview Assets.xcassets in Resources */ = {isa = PBXBuildFile; fileRef = FAEDE2132AE9D24900A51519 /* Preview Assets.xcassets */; };
		FAEDE21B2AE9D28E00A51519 /* Bundle-decodable.swift in Sources */ = {isa = PBXBuildFile; fileRef = FAEDE21A2AE9D28E00A51519 /* Bundle-decodable.swift */; };
		FAEDE21D2AE9D2FA00A51519 /* Word.swift in Sources */ = {isa = PBXBuildFile; fileRef = FAEDE21C2AE9D2FA00A51519 /* Word.swift */; };
		FAEDE21F2AE9D4FC00A51519 /* words.json in Resources */ = {isa = PBXBuildFile; fileRef = FAEDE21E2AE9D4FC00A51519 /* words.json */; };
		FAEDE2212AE9DA8700A51519 /* DictionaryView.swift in Sources */ = {isa = PBXBuildFile; fileRef = FAEDE2202AE9DA8700A51519 /* DictionaryView.swift */; };
		FAEDE2232AE9DC8800A51519 /* ExamModel.swift in Sources */ = {isa = PBXBuildFile; fileRef = FAEDE2222AE9DC8800A51519 /* ExamModel.swift */; };
		FAEDE2252AE9DE2400A51519 /* WordView.swift in Sources */ = {isa = PBXBuildFile; fileRef = FAEDE2242AE9DE2400A51519 /* WordView.swift */; };
/* End PBXBuildFile section */

/* Begin PBXFileReference section */
		FA2FA68A2AF03B2D00A47ED7 /* DataView.swift */ = {isa = PBXFileReference; lastKnownFileType = sourcecode.swift; path = DataView.swift; sourceTree = "<group>"; };
		FA993C3D2B0FBFA800519D63 /* FileManager-DocumentsDirectory.swift */ = {isa = PBXFileReference; fileEncoding = 4; lastKnownFileType = sourcecode.swift; path = "FileManager-DocumentsDirectory.swift"; sourceTree = "<group>"; };
		FAAF8F6E2B074087002518A6 /* DataModel.swift */ = {isa = PBXFileReference; lastKnownFileType = sourcecode.swift; path = DataModel.swift; sourceTree = "<group>"; };
		FAD486732AEE206E0026B99E /* SettingsView.swift */ = {isa = PBXFileReference; lastKnownFileType = sourcecode.swift; path = SettingsView.swift; sourceTree = "<group>"; };
		FAD486752AEE26B90026B99E /* ExamView.swift */ = {isa = PBXFileReference; lastKnownFileType = sourcecode.swift; path = ExamView.swift; sourceTree = "<group>"; };
		FAD7681E2AEF03F300BB353E /* ToDo.md */ = {isa = PBXFileReference; lastKnownFileType = net.daringfireball.markdown; path = ToDo.md; sourceTree = "<group>"; };
		FAEDE2092AE9D24700A51519 /* WordUp.app */ = {isa = PBXFileReference; explicitFileType = wrapper.application; includeInIndex = 0; path = WordUp.app; sourceTree = BUILT_PRODUCTS_DIR; };
		FAEDE20C2AE9D24700A51519 /* WordUpApp.swift */ = {isa = PBXFileReference; lastKnownFileType = sourcecode.swift; path = WordUpApp.swift; sourceTree = "<group>"; };
		FAEDE20E2AE9D24700A51519 /* ContentView.swift */ = {isa = PBXFileReference; lastKnownFileType = sourcecode.swift; path = ContentView.swift; sourceTree = "<group>"; };
		FAEDE2102AE9D24900A51519 /* Assets.xcassets */ = {isa = PBXFileReference; lastKnownFileType = folder.assetcatalog; path = Assets.xcassets; sourceTree = "<group>"; };
		FAEDE2132AE9D24900A51519 /* Preview Assets.xcassets */ = {isa = PBXFileReference; lastKnownFileType = folder.assetcatalog; path = "Preview Assets.xcassets"; sourceTree = "<group>"; };
		FAEDE21A2AE9D28E00A51519 /* Bundle-decodable.swift */ = {isa = PBXFileReference; fileEncoding = 4; lastKnownFileType = sourcecode.swift; path = "Bundle-decodable.swift"; sourceTree = "<group>"; };
		FAEDE21C2AE9D2FA00A51519 /* Word.swift */ = {isa = PBXFileReference; lastKnownFileType = sourcecode.swift; path = Word.swift; sourceTree = "<group>"; };
		FAEDE21E2AE9D4FC00A51519 /* words.json */ = {isa = PBXFileReference; lastKnownFileType = text.json; path = words.json; sourceTree = "<group>"; };
		FAEDE2202AE9DA8700A51519 /* DictionaryView.swift */ = {isa = PBXFileReference; lastKnownFileType = sourcecode.swift; path = DictionaryView.swift; sourceTree = "<group>"; };
		FAEDE2222AE9DC8800A51519 /* ExamModel.swift */ = {isa = PBXFileReference; lastKnownFileType = sourcecode.swift; path = ExamModel.swift; sourceTree = "<group>"; };
		FAEDE2242AE9DE2400A51519 /* WordView.swift */ = {isa = PBXFileReference; lastKnownFileType = sourcecode.swift; path = WordView.swift; sourceTree = "<group>"; };
/* End PBXFileReference section */

/* Begin PBXFrameworksBuildPhase section */
		FAEDE2062AE9D24700A51519 /* Frameworks */ = {
			isa = PBXFrameworksBuildPhase;
			buildActionMask = 2147483647;
			files = (
			);
			runOnlyForDeploymentPostprocessing = 0;
		};
/* End PBXFrameworksBuildPhase section */

/* Begin PBXGroup section */
		FAD486722AEE1F9D0026B99E /* Views */ = {
			isa = PBXGroup;
			children = (
				FAEDE20E2AE9D24700A51519 /* ContentView.swift */,
				FA2FA68A2AF03B2D00A47ED7 /* DataView.swift */,
				FAD486752AEE26B90026B99E /* ExamView.swift */,
				FAEDE2202AE9DA8700A51519 /* DictionaryView.swift */,
				FAEDE2242AE9DE2400A51519 /* WordView.swift */,
				FAD486732AEE206E0026B99E /* SettingsView.swift */,
			);
			path = Views;
			sourceTree = "<group>";
		};
		FAEDE2002AE9D24700A51519 = {
			isa = PBXGroup;
			children = (
				FAEDE20B2AE9D24700A51519 /* WordUp */,
				FAEDE20A2AE9D24700A51519 /* Products */,
			);
			sourceTree = "<group>";
		};
		FAEDE20A2AE9D24700A51519 /* Products */ = {
			isa = PBXGroup;
			children = (
				FAEDE2092AE9D24700A51519 /* WordUp.app */,
			);
			name = Products;
			sourceTree = "<group>";
		};
		FAEDE20B2AE9D24700A51519 /* WordUp */ = {
			isa = PBXGroup;
			children = (
				FAD7681E2AEF03F300BB353E /* ToDo.md */,
				FAEDE20C2AE9D24700A51519 /* WordUpApp.swift */,
				FAAF8F6E2B074087002518A6 /* DataModel.swift */,
				FAEDE2222AE9DC8800A51519 /* ExamModel.swift */,
				FAD486722AEE1F9D0026B99E /* Views */,
				FAEDE21C2AE9D2FA00A51519 /* Word.swift */,
				FAEDE21E2AE9D4FC00A51519 /* words.json */,
				FAEDE21A2AE9D28E00A51519 /* Bundle-decodable.swift */,
				FA993C3D2B0FBFA800519D63 /* FileManager-DocumentsDirectory.swift */,
				FAEDE2102AE9D24900A51519 /* Assets.xcassets */,
				FAEDE2122AE9D24900A51519 /* Preview Content */,
			);
			path = WordUp;
			sourceTree = "<group>";
		};
		FAEDE2122AE9D24900A51519 /* Preview Content */ = {
			isa = PBXGroup;
			children = (
				FAEDE2132AE9D24900A51519 /* Preview Assets.xcassets */,
			);
			path = "Preview Content";
			sourceTree = "<group>";
		};
/* End PBXGroup section */

/* Begin PBXNativeTarget section */
		FAEDE2082AE9D24700A51519 /* WordUp */ = {
			isa = PBXNativeTarget;
			buildConfigurationList = FAEDE2172AE9D24900A51519 /* Build configuration list for PBXNativeTarget "WordUp" */;
			buildPhases = (
				FAEDE2052AE9D24700A51519 /* Sources */,
				FAEDE2062AE9D24700A51519 /* Frameworks */,
				FAEDE2072AE9D24700A51519 /* Resources */,
			);
			buildRules = (
			);
			dependencies = (
			);
			name = WordUp;
			productName = WordUp;
			productReference = FAEDE2092AE9D24700A51519 /* WordUp.app */;
			productType = "com.apple.product-type.application";
		};
/* End PBXNativeTarget section */

/* Begin PBXProject section */
		FAEDE2012AE9D24700A51519 /* Project object */ = {
			isa = PBXProject;
			attributes = {
				BuildIndependentTargetsInParallel = 1;
				LastSwiftUpdateCheck = 1500;
				LastUpgradeCheck = 1500;
				TargetAttributes = {
					FAEDE2082AE9D24700A51519 = {
						CreatedOnToolsVersion = 15.0;
					};
				};
			};
			buildConfigurationList = FAEDE2042AE9D24700A51519 /* Build configuration list for PBXProject "WordUp" */;
			compatibilityVersion = "Xcode 14.0";
			developmentRegion = en;
			hasScannedForEncodings = 0;
			knownRegions = (
				en,
				Base,
			);
			mainGroup = FAEDE2002AE9D24700A51519;
			productRefGroup = FAEDE20A2AE9D24700A51519 /* Products */;
			projectDirPath = "";
			projectRoot = "";
			targets = (
				FAEDE2082AE9D24700A51519 /* WordUp */,
			);
		};
/* End PBXProject section */

/* Begin PBXResourcesBuildPhase section */
		FAEDE2072AE9D24700A51519 /* Resources */ = {
			isa = PBXResourcesBuildPhase;
			buildActionMask = 2147483647;
			files = (
				FAEDE21F2AE9D4FC00A51519 /* words.json in Resources */,
				FAEDE2142AE9D24900A51519 /* Preview Assets.xcassets in Resources */,
				FAD7681F2AEF03F300BB353E /* ToDo.md in Resources */,
				FAEDE2112AE9D24900A51519 /* Assets.xcassets in Resources */,
			);
			runOnlyForDeploymentPostprocessing = 0;
		};
/* End PBXResourcesBuildPhase section */

/* Begin PBXSourcesBuildPhase section */
		FAEDE2052AE9D24700A51519 /* Sources */ = {
			isa = PBXSourcesBuildPhase;
			buildActionMask = 2147483647;
			files = (
				FAAF8F6F2B074087002518A6 /* DataModel.swift in Sources */,
				FAEDE20F2AE9D24700A51519 /* ContentView.swift in Sources */,
				FAEDE2212AE9DA8700A51519 /* DictionaryView.swift in Sources */,
				FA2FA68B2AF03B2D00A47ED7 /* DataView.swift in Sources */,
				FAEDE2252AE9DE2400A51519 /* WordView.swift in Sources */,
				FAD486762AEE26B90026B99E /* ExamView.swift in Sources */,
				FA993C3E2B0FBFA800519D63 /* FileManager-DocumentsDirectory.swift in Sources */,
				FAD486742AEE206E0026B99E /* SettingsView.swift in Sources */,
				FAEDE21D2AE9D2FA00A51519 /* Word.swift in Sources */,
				FAEDE20D2AE9D24700A51519 /* WordUpApp.swift in Sources */,
				FAEDE2232AE9DC8800A51519 /* ExamModel.swift in Sources */,
				FAEDE21B2AE9D28E00A51519 /* Bundle-decodable.swift in Sources */,
			);
			runOnlyForDeploymentPostprocessing = 0;
		};
/* End PBXSourcesBuildPhase section */

/* Begin XCBuildConfiguration section */
		FAEDE2152AE9D24900A51519 /* Debug */ = {
			isa = XCBuildConfiguration;
			buildSettings = {
				ALWAYS_SEARCH_USER_PATHS = NO;
				ASSETCATALOG_COMPILER_GENERATE_SWIFT_ASSET_SYMBOL_EXTENSIONS = YES;
				CLANG_ANALYZER_NONNULL = YES;
				CLANG_ANALYZER_NUMBER_OBJECT_CONVERSION = YES_AGGRESSIVE;
				CLANG_CXX_LANGUAGE_STANDARD = "gnu++20";
				CLANG_ENABLE_MODULES = YES;
				CLANG_ENABLE_OBJC_ARC = YES;
				CLANG_ENABLE_OBJC_WEAK = YES;
				CLANG_WARN_BLOCK_CAPTURE_AUTORELEASING = YES;
				CLANG_WARN_BOOL_CONVERSION = YES;
				CLANG_WARN_COMMA = YES;
				CLANG_WARN_CONSTANT_CONVERSION = YES;
				CLANG_WARN_DEPRECATED_OBJC_IMPLEMENTATIONS = YES;
				CLANG_WARN_DIRECT_OBJC_ISA_USAGE = YES_ERROR;
				CLANG_WARN_DOCUMENTATION_COMMENTS = YES;
				CLANG_WARN_EMPTY_BODY = YES;
				CLANG_WARN_ENUM_CONVERSION = YES;
				CLANG_WARN_INFINITE_RECURSION = YES;
				CLANG_WARN_INT_CONVERSION = YES;
				CLANG_WARN_NON_LITERAL_NULL_CONVERSION = YES;
				CLANG_WARN_OBJC_IMPLICIT_RETAIN_SELF = YES;
				CLANG_WARN_OBJC_LITERAL_CONVERSION = YES;
				CLANG_WARN_OBJC_ROOT_CLASS = YES_ERROR;
				CLANG_WARN_QUOTED_INCLUDE_IN_FRAMEWORK_HEADER = YES;
				CLANG_WARN_RANGE_LOOP_ANALYSIS = YES;
				CLANG_WARN_STRICT_PROTOTYPES = YES;
				CLANG_WARN_SUSPICIOUS_MOVE = YES;
				CLANG_WARN_UNGUARDED_AVAILABILITY = YES_AGGRESSIVE;
				CLANG_WARN_UNREACHABLE_CODE = YES;
				CLANG_WARN__DUPLICATE_METHOD_MATCH = YES;
				COPY_PHASE_STRIP = NO;
				DEBUG_INFORMATION_FORMAT = dwarf;
				ENABLE_STRICT_OBJC_MSGSEND = YES;
				ENABLE_TESTABILITY = YES;
				ENABLE_USER_SCRIPT_SANDBOXING = YES;
				GCC_C_LANGUAGE_STANDARD = gnu17;
				GCC_DYNAMIC_NO_PIC = NO;
				GCC_NO_COMMON_BLOCKS = YES;
				GCC_OPTIMIZATION_LEVEL = 0;
				GCC_PREPROCESSOR_DEFINITIONS = (
					"DEBUG=1",
					"$(inherited)",
				);
				GCC_WARN_64_TO_32_BIT_CONVERSION = YES;
				GCC_WARN_ABOUT_RETURN_TYPE = YES_ERROR;
				GCC_WARN_UNDECLARED_SELECTOR = YES;
				GCC_WARN_UNINITIALIZED_AUTOS = YES_AGGRESSIVE;
				GCC_WARN_UNUSED_FUNCTION = YES;
				GCC_WARN_UNUSED_VARIABLE = YES;
				IPHONEOS_DEPLOYMENT_TARGET = 17.0;
				LOCALIZATION_PREFERS_STRING_CATALOGS = YES;
				MTL_ENABLE_DEBUG_INFO = INCLUDE_SOURCE;
				MTL_FAST_MATH = YES;
				ONLY_ACTIVE_ARCH = YES;
				SDKROOT = iphoneos;
				SWIFT_ACTIVE_COMPILATION_CONDITIONS = "DEBUG $(inherited)";
				SWIFT_OPTIMIZATION_LEVEL = "-Onone";
			};
			name = Debug;
		};
		FAEDE2162AE9D24900A51519 /* Release */ = {
			isa = XCBuildConfiguration;
			buildSettings = {
				ALWAYS_SEARCH_USER_PATHS = NO;
				ASSETCATALOG_COMPILER_GENERATE_SWIFT_ASSET_SYMBOL_EXTENSIONS = YES;
				CLANG_ANALYZER_NONNULL = YES;
				CLANG_ANALYZER_NUMBER_OBJECT_CONVERSION = YES_AGGRESSIVE;
				CLANG_CXX_LANGUAGE_STANDARD = "gnu++20";
				CLANG_ENABLE_MODULES = YES;
				CLANG_ENABLE_OBJC_ARC = YES;
				CLANG_ENABLE_OBJC_WEAK = YES;
				CLANG_WARN_BLOCK_CAPTURE_AUTORELEASING = YES;
				CLANG_WARN_BOOL_CONVERSION = YES;
				CLANG_WARN_COMMA = YES;
				CLANG_WARN_CONSTANT_CONVERSION = YES;
				CLANG_WARN_DEPRECATED_OBJC_IMPLEMENTATIONS = YES;
				CLANG_WARN_DIRECT_OBJC_ISA_USAGE = YES_ERROR;
				CLANG_WARN_DOCUMENTATION_COMMENTS = YES;
				CLANG_WARN_EMPTY_BODY = YES;
				CLANG_WARN_ENUM_CONVERSION = YES;
				CLANG_WARN_INFINITE_RECURSION = YES;
				CLANG_WARN_INT_CONVERSION = YES;
				CLANG_WARN_NON_LITERAL_NULL_CONVERSION = YES;
				CLANG_WARN_OBJC_IMPLICIT_RETAIN_SELF = YES;
				CLANG_WARN_OBJC_LITERAL_CONVERSION = YES;
				CLANG_WARN_OBJC_ROOT_CLASS = YES_ERROR;
				CLANG_WARN_QUOTED_INCLUDE_IN_FRAMEWORK_HEADER = YES;
				CLANG_WARN_RANGE_LOOP_ANALYSIS = YES;
				CLANG_WARN_STRICT_PROTOTYPES = YES;
				CLANG_WARN_SUSPICIOUS_MOVE = YES;
				CLANG_WARN_UNGUARDED_AVAILABILITY = YES_AGGRESSIVE;
				CLANG_WARN_UNREACHABLE_CODE = YES;
				CLANG_WARN__DUPLICATE_METHOD_MATCH = YES;
				COPY_PHASE_STRIP = NO;
				DEBUG_INFORMATION_FORMAT = "dwarf-with-dsym";
				ENABLE_NS_ASSERTIONS = NO;
				ENABLE_STRICT_OBJC_MSGSEND = YES;
				ENABLE_USER_SCRIPT_SANDBOXING = YES;
				GCC_C_LANGUAGE_STANDARD = gnu17;
				GCC_NO_COMMON_BLOCKS = YES;
				GCC_WARN_64_TO_32_BIT_CONVERSION = YES;
				GCC_WARN_ABOUT_RETURN_TYPE = YES_ERROR;
				GCC_WARN_UNDECLARED_SELECTOR = YES;
				GCC_WARN_UNINITIALIZED_AUTOS = YES_AGGRESSIVE;
				GCC_WARN_UNUSED_FUNCTION = YES;
				GCC_WARN_UNUSED_VARIABLE = YES;
				IPHONEOS_DEPLOYMENT_TARGET = 17.0;
				LOCALIZATION_PREFERS_STRING_CATALOGS = YES;
				MTL_ENABLE_DEBUG_INFO = NO;
				MTL_FAST_MATH = YES;
				SDKROOT = iphoneos;
				SWIFT_COMPILATION_MODE = wholemodule;
				VALIDATE_PRODUCT = YES;
			};
			name = Release;
		};
		FAEDE2182AE9D24900A51519 /* Debug */ = {
			isa = XCBuildConfiguration;
			buildSettings = {
				ASSETCATALOG_COMPILER_APPICON_NAME = AppIcon;
				ASSETCATALOG_COMPILER_GLOBAL_ACCENT_COLOR_NAME = AccentColor;
				CODE_SIGN_STYLE = Automatic;
				CURRENT_PROJECT_VERSION = 1;
				DEVELOPMENT_ASSET_PATHS = "\"WordUp/Preview Content\"";
				DEVELOPMENT_TEAM = VP4S9T92NX;
				ENABLE_PREVIEWS = YES;
				GENERATE_INFOPLIST_FILE = YES;
				INFOPLIST_KEY_UIApplicationSceneManifest_Generation = YES;
				INFOPLIST_KEY_UIApplicationSupportsIndirectInputEvents = YES;
				INFOPLIST_KEY_UILaunchScreen_Generation = YES;
				INFOPLIST_KEY_UISupportedInterfaceOrientations_iPad = "UIInterfaceOrientationPortrait UIInterfaceOrientationPortraitUpsideDown UIInterfaceOrientationLandscapeLeft UIInterfaceOrientationLandscapeRight";
				INFOPLIST_KEY_UISupportedInterfaceOrientations_iPhone = "UIInterfaceOrientationPortrait UIInterfaceOrientationLandscapeLeft UIInterfaceOrientationLandscapeRight";
				LD_RUNPATH_SEARCH_PATHS = (
					"$(inherited)",
					"@executable_path/Frameworks",
				);
				MARKETING_VERSION = 1.0;
				PRODUCT_BUNDLE_IDENTIFIER = "com.alex-icloud.WordUp";
				PRODUCT_NAME = "$(TARGET_NAME)";
				SWIFT_EMIT_LOC_STRINGS = YES;
				SWIFT_VERSION = 5.0;
				TARGETED_DEVICE_FAMILY = "1,2";
			};
			name = Debug;
		};
		FAEDE2192AE9D24900A51519 /* Release */ = {
			isa = XCBuildConfiguration;
			buildSettings = {
				ASSETCATALOG_COMPILER_APPICON_NAME = AppIcon;
				ASSETCATALOG_COMPILER_GLOBAL_ACCENT_COLOR_NAME = AccentColor;
				CODE_SIGN_STYLE = Automatic;
				CURRENT_PROJECT_VERSION = 1;
				DEVELOPMENT_ASSET_PATHS = "\"WordUp/Preview Content\"";
				DEVELOPMENT_TEAM = VP4S9T92NX;
				ENABLE_PREVIEWS = YES;
				GENERATE_INFOPLIST_FILE = YES;
				INFOPLIST_KEY_UIApplicationSceneManifest_Generation = YES;
				INFOPLIST_KEY_UIApplicationSupportsIndirectInputEvents = YES;
				INFOPLIST_KEY_UILaunchScreen_Generation = YES;
				INFOPLIST_KEY_UISupportedInterfaceOrientations_iPad = "UIInterfaceOrientationPortrait UIInterfaceOrientationPortraitUpsideDown UIInterfaceOrientationLandscapeLeft UIInterfaceOrientationLandscapeRight";
				INFOPLIST_KEY_UISupportedInterfaceOrientations_iPhone = "UIInterfaceOrientationPortrait UIInterfaceOrientationLandscapeLeft UIInterfaceOrientationLandscapeRight";
				LD_RUNPATH_SEARCH_PATHS = (
					"$(inherited)",
					"@executable_path/Frameworks",
				);
				MARKETING_VERSION = 1.0;
				PRODUCT_BUNDLE_IDENTIFIER = "com.alex-icloud.WordUp";
				PRODUCT_NAME = "$(TARGET_NAME)";
				SWIFT_EMIT_LOC_STRINGS = YES;
				SWIFT_VERSION = 5.0;
				TARGETED_DEVICE_FAMILY = "1,2";
			};
			name = Release;
		};
/* End XCBuildConfiguration section */

/* Begin XCConfigurationList section */
		FAEDE2042AE9D24700A51519 /* Build configuration list for PBXProject "WordUp" */ = {
			isa = XCConfigurationList;
			buildConfigurations = (
				FAEDE2152AE9D24900A51519 /* Debug */,
				FAEDE2162AE9D24900A51519 /* Release */,
			);
			defaultConfigurationIsVisible = 0;
			defaultConfigurationName = Release;
		};
		FAEDE2172AE9D24900A51519 /* Build configuration list for PBXNativeTarget "WordUp" */ = {
			isa = XCConfigurationList;
			buildConfigurations = (
				FAEDE2182AE9D24900A51519 /* Debug */,
				FAEDE2192AE9D24900A51519 /* Release */,
			);
			defaultConfigurationIsVisible = 0;
			defaultConfigurationName = Release;
		};
/* End XCConfigurationList section */
	};
	rootObject = FAEDE2012AE9D24700A51519 /* Project object */;
}
